
Microsoft Visual Studio Solution File, Format Version 12.00
# Visual Studio 15
VisualStudioVersion = 15.0.27004.2009
MinimumVisualStudioVersion = 10.0.40219.1
Project("{FAE04EC0-301F-11D3-BF4B-00C04F79EFBC}") = "Desktop", "Desktop\Desktop.csproj", "{31947864-756B-4537-A375-2B2A30FDE5FD}"
EndProject
Project("{FAE04EC0-301F-11D3-BF4B-00C04F79EFBC}") = "Library", "Library\Library.csproj", "{16A2D0C8-781A-4988-A685-D8B0854CBDC6}"
EndProject
Project("{FAE04EC0-301F-11D3-BF4B-00C04F79EFBC}") = "WebApi", "WebApi\WebApi.csproj", "{E7972EB6-6D13-4188-864F-6890D27E6860}"
EndProject
Project("{FAE04EC0-301F-11D3-BF4B-00C04F79EFBC}") = "MySql.AspNet.Identity", "..\..\..\..\..\Project Tools\MySqlIdentity-master21\MySqlIdentity-master\MySql.AspNet.Identity\MySql.AspNet.Identity.csproj", "{EC3ADD94-5E1D-4A5F-BE06-788AC6C0E252}"
EndProject
Project("{FAE04EC0-301F-11D3-BF4B-00C04F79EFBC}") = "Mobile", "Mobile\Mobile\Mobile.csproj", "{92E39D90-9D1F-450E-AC9C-365C32D08C5A}"
EndProject
Project("{FAE04EC0-301F-11D3-BF4B-00C04F79EFBC}") = "Mobile.Android", "Mobile\Mobile.Android\Mobile.Android.csproj", "{D3E730B7-725E-4C40-8798-B6517341CA54}"
EndProject
Global
	GlobalSection(SolutionConfigurationPlatforms) = preSolution
		Debug|Any CPU = Debug|Any CPU
		Debug|iPhone = Debug|iPhone
		Debug|iPhoneSimulator = Debug|iPhoneSimulator
		Release|Any CPU = Release|Any CPU
		Release|iPhone = Release|iPhone
		Release|iPhoneSimulator = Release|iPhoneSimulator
	EndGlobalSection
	GlobalSection(ProjectConfigurationPlatforms) = postSolution
		{31947864-756B-4537-A375-2B2A30FDE5FD}.Debug|Any CPU.ActiveCfg = Debug|Any CPU
		{31947864-756B-4537-A375-2B2A30FDE5FD}.Debug|Any CPU.Build.0 = Debug|Any CPU
		{31947864-756B-4537-A375-2B2A30FDE5FD}.Debug|iPhone.ActiveCfg = Debug|Any CPU
		{31947864-756B-4537-A375-2B2A30FDE5FD}.Debug|iPhone.Build.0 = Debug|Any CPU
		{31947864-756B-4537-A375-2B2A30FDE5FD}.Debug|iPhoneSimulator.ActiveCfg = Debug|Any CPU
		{31947864-756B-4537-A375-2B2A30FDE5FD}.Debug|iPhoneSimulator.Build.0 = Debug|Any CPU
		{31947864-756B-4537-A375-2B2A30FDE5FD}.Release|Any CPU.ActiveCfg = Release|Any CPU
		{31947864-756B-4537-A375-2B2A30FDE5FD}.Release|Any CPU.Build.0 = Release|Any CPU
		{31947864-756B-4537-A375-2B2A30FDE5FD}.Release|iPhone.ActiveCfg = Release|Any CPU
		{31947864-756B-4537-A375-2B2A30FDE5FD}.Release|iPhone.Build.0 = Release|Any CPU
		{31947864-756B-4537-A375-2B2A30FDE5FD}.Release|iPhoneSimulator.ActiveCfg = Release|Any CPU
		{31947864-756B-4537-A375-2B2A30FDE5FD}.Release|iPhoneSimulator.Build.0 = Release|Any CPU
		{16A2D0C8-781A-4988-A685-D8B0854CBDC6}.Debug|Any CPU.ActiveCfg = Debug|Any CPU
		{16A2D0C8-781A-4988-A685-D8B0854CBDC6}.Debug|Any CPU.Build.0 = Debug|Any CPU
		{16A2D0C8-781A-4988-A685-D8B0854CBDC6}.Debug|iPhone.ActiveCfg = Debug|Any CPU
		{16A2D0C8-781A-4988-A685-D8B0854CBDC6}.Debug|iPhone.Build.0 = Debug|Any CPU
		{16A2D0C8-781A-4988-A685-D8B0854CBDC6}.Debug|iPhoneSimulator.ActiveCfg = Debug|Any CPU
		{16A2D0C8-781A-4988-A685-D8B0854CBDC6}.Debug|iPhoneSimulator.Build.0 = Debug|Any CPU
		{16A2D0C8-781A-4988-A685-D8B0854CBDC6}.Release|Any CPU.ActiveCfg = Release|Any CPU
		{16A2D0C8-781A-4988-A685-D8B0854CBDC6}.Release|Any CPU.Build.0 = Release|Any CPU
		{16A2D0C8-781A-4988-A685-D8B0854CBDC6}.Release|iPhone.ActiveCfg = Release|Any CPU
		{16A2D0C8-781A-4988-A685-D8B0854CBDC6}.Release|iPhone.Build.0 = Release|Any CPU
		{16A2D0C8-781A-4988-A685-D8B0854CBDC6}.Release|iPhoneSimulator.ActiveCfg = Release|Any CPU
		{16A2D0C8-781A-4988-A685-D8B0854CBDC6}.Release|iPhoneSimulator.Build.0 = Release|Any CPU
		{E7972EB6-6D13-4188-864F-6890D27E6860}.Debug|Any CPU.ActiveCfg = Debug|Any CPU
		{E7972EB6-6D13-4188-864F-6890D27E6860}.Debug|Any CPU.Build.0 = Debug|Any CPU
		{E7972EB6-6D13-4188-864F-6890D27E6860}.Debug|iPhone.ActiveCfg = Debug|Any CPU
		{E7972EB6-6D13-4188-864F-6890D27E6860}.Debug|iPhone.Build.0 = Debug|Any CPU
		{E7972EB6-6D13-4188-864F-6890D27E6860}.Debug|iPhoneSimulator.ActiveCfg = Debug|Any CPU
		{E7972EB6-6D13-4188-864F-6890D27E6860}.Debug|iPhoneSimulator.Build.0 = Debug|Any CPU
		{E7972EB6-6D13-4188-864F-6890D27E6860}.Release|Any CPU.ActiveCfg = Release|Any CPU
		{E7972EB6-6D13-4188-864F-6890D27E6860}.Release|Any CPU.Build.0 = Release|Any CPU
		{E7972EB6-6D13-4188-864F-6890D27E6860}.Release|iPhone.ActiveCfg = Release|Any CPU
		{E7972EB6-6D13-4188-864F-6890D27E6860}.Release|iPhone.Build.0 = Release|Any CPU
		{E7972EB6-6D13-4188-864F-6890D27E6860}.Release|iPhoneSimulator.ActiveCfg = Release|Any CPU
		{E7972EB6-6D13-4188-864F-6890D27E6860}.Release|iPhoneSimulator.Build.0 = Release|Any CPU
		{EC3ADD94-5E1D-4A5F-BE06-788AC6C0E252}.Debug|Any CPU.ActiveCfg = Debug|Any CPU
		{EC3ADD94-5E1D-4A5F-BE06-788AC6C0E252}.Debug|Any CPU.Build.0 = Debug|Any CPU
		{EC3ADD94-5E1D-4A5F-BE06-788AC6C0E252}.Debug|iPhone.ActiveCfg = Debug|Any CPU
		{EC3ADD94-5E1D-4A5F-BE06-788AC6C0E252}.Debug|iPhone.Build.0 = Debug|Any CPU
		{EC3ADD94-5E1D-4A5F-BE06-788AC6C0E252}.Debug|iPhoneSimulator.ActiveCfg = Debug|Any CPU
		{EC3ADD94-5E1D-4A5F-BE06-788AC6C0E252}.Debug|iPhoneSimulator.Build.0 = Debug|Any CPU
		{EC3ADD94-5E1D-4A5F-BE06-788AC6C0E252}.Release|Any CPU.ActiveCfg = Release|Any CPU
		{EC3ADD94-5E1D-4A5F-BE06-788AC6C0E252}.Release|Any CPU.Build.0 = Release|Any CPU
		{EC3ADD94-5E1D-4A5F-BE06-788AC6C0E252}.Release|iPhone.ActiveCfg = Release|Any CPU
		{EC3ADD94-5E1D-4A5F-BE06-788AC6C0E252}.Release|iPhone.Build.0 = Release|Any CPU
		{EC3ADD94-5E1D-4A5F-BE06-788AC6C0E252}.Release|iPhoneSimulator.ActiveCfg = Release|Any CPU
		{EC3ADD94-5E1D-4A5F-BE06-788AC6C0E252}.Release|iPhoneSimulator.Build.0 = Release|Any CPU
		{92E39D90-9D1F-450E-AC9C-365C32D08C5A}.Debug|Any CPU.ActiveCfg = Debug|Any CPU
		{92E39D90-9D1F-450E-AC9C-365C32D08C5A}.Debug|Any CPU.Build.0 = Debug|Any CPU
		{92E39D90-9D1F-450E-AC9C-365C32D08C5A}.Debug|iPhone.ActiveCfg = Debug|Any CPU
		{92E39D90-9D1F-450E-AC9C-365C32D08C5A}.Debug|iPhone.Build.0 = Debug|Any CPU
		{92E39D90-9D1F-450E-AC9C-365C32D08C5A}.Debug|iPhoneSimulator.ActiveCfg = Debug|Any CPU
		{92E39D90-9D1F-450E-AC9C-365C32D08C5A}.Debug|iPhoneSimulator.Build.0 = Debug|Any CPU
		{92E39D90-9D1F-450E-AC9C-365C32D08C5A}.Release|Any CPU.ActiveCfg = Release|Any CPU
		{92E39D90-9D1F-450E-AC9C-365C32D08C5A}.Release|Any CPU.Build.0 = Release|Any CPU
		{92E39D90-9D1F-450E-AC9C-365C32D08C5A}.Release|iPhone.ActiveCfg = Release|Any CPU
		{92E39D90-9D1F-450E-AC9C-365C32D08C5A}.Release|iPhone.Build.0 = Release|Any CPU
		{92E39D90-9D1F-450E-AC9C-365C32D08C5A}.Release|iPhoneSimulator.ActiveCfg = Release|Any CPU
		{92E39D90-9D1F-450E-AC9C-365C32D08C5A}.Release|iPhoneSimulator.Build.0 = Release|Any CPU
		{D3E730B7-725E-4C40-8798-B6517341CA54}.Debug|Any CPU.ActiveCfg = Debug|Any CPU
		{D3E730B7-725E-4C40-8798-B6517341CA54}.Debug|Any CPU.Build.0 = Debug|Any CPU
		{D3E730B7-725E-4C40-8798-B6517341CA54}.Debug|Any CPU.Deploy.0 = Debug|Any CPU
		{D3E730B7-725E-4C40-8798-B6517341CA54}.Debug|iPhone.ActiveCfg = Debug|Any CPU
		{D3E730B7-725E-4C40-8798-B6517341CA54}.Debug|iPhone.Build.0 = Debug|Any CPU
		{D3E730B7-725E-4C40-8798-B6517341CA54}.Debug|iPhone.Deploy.0 = Debug|Any CPU
		{D3E730B7-725E-4C40-8798-B6517341CA54}.Debug|iPhoneSimulator.ActiveCfg = Debug|Any CPU
		{D3E730B7-725E-4C40-8798-B6517341CA54}.Debug|iPhoneSimulator.Build.0 = Debug|Any CPU
		{D3E730B7-725E-4C40-8798-B6517341CA54}.Debug|iPhoneSimulator.Deploy.0 = Debug|Any CPU
		{D3E730B7-725E-4C40-8798-B6517341CA54}.Release|Any CPU.ActiveCfg = Release|Any CPU
		{D3E730B7-725E-4C40-8798-B6517341CA54}.Release|Any CPU.Build.0 = Release|Any CPU
		{D3E730B7-725E-4C40-8798-B6517341CA54}.Release|Any CPU.Deploy.0 = Release|Any CPU
		{D3E730B7-725E-4C40-8798-B6517341CA54}.Release|iPhone.ActiveCfg = Release|Any CPU
		{D3E730B7-725E-4C40-8798-B6517341CA54}.Release|iPhone.Build.0 = Release|Any CPU
		{D3E730B7-725E-4C40-8798-B6517341CA54}.Release|iPhone.Deploy.0 = Release|Any CPU
		{D3E730B7-725E-4C40-8798-B6517341CA54}.Release|iPhoneSimulator.ActiveCfg = Release|Any CPU
		{D3E730B7-725E-4C40-8798-B6517341CA54}.Release|iPhoneSimulator.Build.0 = Release|Any CPU
		{D3E730B7-725E-4C40-8798-B6517341CA54}.Release|iPhoneSimulator.Deploy.0 = Release|Any CPU
	EndGlobalSection
	GlobalSection(SolutionProperties) = preSolution
		HideSolutionNode = FALSE
	EndGlobalSection
	GlobalSection(ExtensibilityGlobals) = postSolution
		SolutionGuid = {AE926895-A4FE-4581-8E72-743BD9A24425}
	EndGlobalSection
EndGlobal
